
Microsoft Visual Studio Solution File, Format Version 12.00
# Visual Studio Version 17
VisualStudioVersion = 17.0.31903.59
MinimumVisualStudioVersion = 10.0.40219.1
Project("{FAE04EC0-301F-11D3-BF4B-00C04F79EFBC}") = "AsteroidDetectionCenter.Android", "AsteroidDetectionCenter.Android\AsteroidDetectionCenter.Android.csproj", "{D80628D3-F8AA-4004-9650-D1159A9DDD1C}"
EndProject
Project("{FAE04EC0-301F-11D3-BF4B-00C04F79EFBC}") = "AsteroidDetectionCenter", "AsteroidDetectionCenter\AsteroidDetectionCenter.csproj", "{34169BCA-ACA7-42EF-9C58-270ACB313ACE}"
EndProject
Global
	GlobalSection(SolutionConfigurationPlatforms) = preSolution
		Debug|Any CPU = Debug|Any CPU
		Release|Any CPU = Release|Any CPU
	EndGlobalSection
	GlobalSection(ProjectConfigurationPlatforms) = postSolution
		{D80628D3-F8AA-4004-9650-D1159A9DDD1C}.Debug|Any CPU.ActiveCfg = Debug|Any CPU
		{D80628D3-F8AA-4004-9650-D1159A9DDD1C}.Debug|Any CPU.Build.0 = Debug|Any CPU
		{D80628D3-F8AA-4004-9650-D1159A9DDD1C}.Debug|Any CPU.Deploy.0 = Debug|Any CPU
		{D80628D3-F8AA-4004-9650-D1159A9DDD1C}.Release|Any CPU.ActiveCfg = Release|Any CPU
		{D80628D3-F8AA-4004-9650-D1159A9DDD1C}.Release|Any CPU.Build.0 = Release|Any CPU
		{D80628D3-F8AA-4004-9650-D1159A9DDD1C}.Release|Any CPU.Deploy.0 = Release|Any CPU
		{34169BCA-ACA7-42EF-9C58-270ACB313ACE}.Debug|Any CPU.ActiveCfg = Debug|Any CPU
		{34169BCA-ACA7-42EF-9C58-270ACB313ACE}.Debug|Any CPU.Build.0 = Debug|Any CPU
		{34169BCA-ACA7-42EF-9C58-270ACB313ACE}.Release|Any CPU.ActiveCfg = Release|Any CPU
		{34169BCA-ACA7-42EF-9C58-270ACB313ACE}.Release|Any CPU.Build.0 = Release|Any CPU
	EndGlobalSection
	GlobalSection(SolutionProperties) = preSolution
		HideSolutionNode = FALSE
	EndGlobalSection
	GlobalSection(ExtensibilityGlobals) = postSolution
		SolutionGuid = {7A5CB64D-022E-48C4-80FB-08EB91F51A7F}
	EndGlobalSection
EndGlobal
